
Microsoft Visual Studio Solution File, Format Version 12.00
# Visual Studio Version 17
VisualStudioVersion = 17.0.31903.59
MinimumVisualStudioVersion = 10.0.40219.1
Project("{2150E333-8FDC-42A3-9474-1A3956D46DE8}") = "src", "src", "{827E0CD3-B72D-47B6-A68D-7590B98EB39B}"
EndProject
Project("{FAE04EC0-301F-11D3-BF4B-00C04F79EFBC}") = "Textinord.Trame.Domain", "src\Textinord.Trame.Domain\Textinord.Trame.Domain.csproj", "{24716CF7-272D-4C31-90D0-196EEEE4AB26}"
EndProject
Project("{FAE04EC0-301F-11D3-BF4B-00C04F79EFBC}") = "Textinord.Trame.Infrastructure", "src\Textinord.Trame.Infrastructure\Textinord.Trame.Infrastructure.csproj", "{24AED23C-52CD-4D65-A365-E6595A94D282}"
EndProject
Project("{FAE04EC0-301F-11D3-BF4B-00C04F79EFBC}") = "Textinord.Trame.Api", "src\Textinord.Trame.Api\Textinord.Trame.Api.csproj", "{F2170339-85B5-4767-8AD6-27F07F399EF8}"
EndProject
Project("{FAE04EC0-301F-11D3-BF4B-00C04F79EFBC}") = "Textinord.Trame.Worker", "src\Textinord.Trame.Worker\Textinord.Trame.Worker.csproj", "{0AF8EB1A-12BD-4AB2-97FE-F7102E3F7B28}"
EndProject
Project("{2150E333-8FDC-42A3-9474-1A3956D46DE8}") = "tests", "tests", "{0AB3BF05-4346-4AA6-1389-037BE0695223}"
EndProject
Project("{FAE04EC0-301F-11D3-BF4B-00C04F79EFBC}") = "Textinord.Trame.Domain.Tests", "tests\Textinord.Trame.Domain.Tests\Textinord.Trame.Domain.Tests.csproj", "{2A94F76B-964A-4A91-A1A2-2055F898B951}"
EndProject
Project("{FAE04EC0-301F-11D3-BF4B-00C04F79EFBC}") = "Textinord.Trame.Worker.Tests", "tests\Textinord.Trame.Worker.Tests\Textinord.Trame.Worker.Tests.csproj", "{8851899A-D019-4E1C-9CDA-BB1AB1ADDE20}"
EndProject
Project("{FAE04EC0-301F-11D3-BF4B-00C04F79EFBC}") = "Textinord.Trame.Api.Tests", "tests\Textinord.Trame.Api.Tests\Textinord.Trame.Api.Tests.csproj", "{A72AC4BB-3EFF-41E9-B7D1-92B336F56DF7}"
EndProject
Global
	GlobalSection(SolutionConfigurationPlatforms) = preSolution
		Debug|Any CPU = Debug|Any CPU
		Debug|x64 = Debug|x64
		Debug|x86 = Debug|x86
		Release|Any CPU = Release|Any CPU
		Release|x64 = Release|x64
		Release|x86 = Release|x86
	EndGlobalSection
	GlobalSection(ProjectConfigurationPlatforms) = postSolution
		{24716CF7-272D-4C31-90D0-196EEEE4AB26}.Debug|Any CPU.ActiveCfg = Debug|Any CPU
		{24716CF7-272D-4C31-90D0-196EEEE4AB26}.Debug|Any CPU.Build.0 = Debug|Any CPU
		{24716CF7-272D-4C31-90D0-196EEEE4AB26}.Debug|x64.ActiveCfg = Debug|Any CPU
		{24716CF7-272D-4C31-90D0-196EEEE4AB26}.Debug|x64.Build.0 = Debug|Any CPU
		{24716CF7-272D-4C31-90D0-196EEEE4AB26}.Debug|x86.ActiveCfg = Debug|Any CPU
		{24716CF7-272D-4C31-90D0-196EEEE4AB26}.Debug|x86.Build.0 = Debug|Any CPU
		{24716CF7-272D-4C31-90D0-196EEEE4AB26}.Release|Any CPU.ActiveCfg = Release|Any CPU
		{24716CF7-272D-4C31-90D0-196EEEE4AB26}.Release|Any CPU.Build.0 = Release|Any CPU
		{24716CF7-272D-4C31-90D0-196EEEE4AB26}.Release|x64.ActiveCfg = Release|Any CPU
		{24716CF7-272D-4C31-90D0-196EEEE4AB26}.Release|x64.Build.0 = Release|Any CPU
		{24716CF7-272D-4C31-90D0-196EEEE4AB26}.Release|x86.ActiveCfg = Release|Any CPU
		{24716CF7-272D-4C31-90D0-196EEEE4AB26}.Release|x86.Build.0 = Release|Any CPU
		{24AED23C-52CD-4D65-A365-E6595A94D282}.Debug|Any CPU.ActiveCfg = Debug|Any CPU
		{24AED23C-52CD-4D65-A365-E6595A94D282}.Debug|Any CPU.Build.0 = Debug|Any CPU
		{24AED23C-52CD-4D65-A365-E6595A94D282}.Debug|x64.ActiveCfg = Debug|Any CPU
		{24AED23C-52CD-4D65-A365-E6595A94D282}.Debug|x64.Build.0 = Debug|Any CPU
		{24AED23C-52CD-4D65-A365-E6595A94D282}.Debug|x86.ActiveCfg = Debug|Any CPU
		{24AED23C-52CD-4D65-A365-E6595A94D282}.Debug|x86.Build.0 = Debug|Any CPU
		{24AED23C-52CD-4D65-A365-E6595A94D282}.Release|Any CPU.ActiveCfg = Release|Any CPU
		{24AED23C-52CD-4D65-A365-E6595A94D282}.Release|Any CPU.Build.0 = Release|Any CPU
		{24AED23C-52CD-4D65-A365-E6595A94D282}.Release|x64.ActiveCfg = Release|Any CPU
		{24AED23C-52CD-4D65-A365-E6595A94D282}.Release|x64.Build.0 = Release|Any CPU
		{24AED23C-52CD-4D65-A365-E6595A94D282}.Release|x86.ActiveCfg = Release|Any CPU
		{24AED23C-52CD-4D65-A365-E6595A94D282}.Release|x86.Build.0 = Release|Any CPU
		{F2170339-85B5-4767-8AD6-27F07F399EF8}.Debug|Any CPU.ActiveCfg = Debug|Any CPU
		{F2170339-85B5-4767-8AD6-27F07F399EF8}.Debug|Any CPU.Build.0 = Debug|Any CPU
		{F2170339-85B5-4767-8AD6-27F07F399EF8}.Debug|x64.ActiveCfg = Debug|Any CPU
		{F2170339-85B5-4767-8AD6-27F07F399EF8}.Debug|x64.Build.0 = Debug|Any CPU
		{F2170339-85B5-4767-8AD6-27F07F399EF8}.Debug|x86.ActiveCfg = Debug|Any CPU
		{F2170339-85B5-4767-8AD6-27F07F399EF8}.Debug|x86.Build.0 = Debug|Any CPU
		{F2170339-85B5-4767-8AD6-27F07F399EF8}.Release|Any CPU.ActiveCfg = Release|Any CPU
		{F2170339-85B5-4767-8AD6-27F07F399EF8}.Release|Any CPU.Build.0 = Release|Any CPU
		{F2170339-85B5-4767-8AD6-27F07F399EF8}.Release|x64.ActiveCfg = Release|Any CPU
		{F2170339-85B5-4767-8AD6-27F07F399EF8}.Release|x64.Build.0 = Release|Any CPU
		{F2170339-85B5-4767-8AD6-27F07F399EF8}.Release|x86.ActiveCfg = Release|Any CPU
		{F2170339-85B5-4767-8AD6-27F07F399EF8}.Release|x86.Build.0 = Release|Any CPU
		{0AF8EB1A-12BD-4AB2-97FE-F7102E3F7B28}.Debug|Any CPU.ActiveCfg = Debug|Any CPU
		{0AF8EB1A-12BD-4AB2-97FE-F7102E3F7B28}.Debug|Any CPU.Build.0 = Debug|Any CPU
		{0AF8EB1A-12BD-4AB2-97FE-F7102E3F7B28}.Debug|x64.ActiveCfg = Debug|Any CPU
		{0AF8EB1A-12BD-4AB2-97FE-F7102E3F7B28}.Debug|x64.Build.0 = Debug|Any CPU
		{0AF8EB1A-12BD-4AB2-97FE-F7102E3F7B28}.Debug|x86.ActiveCfg = Debug|Any CPU
		{0AF8EB1A-12BD-4AB2-97FE-F7102E3F7B28}.Debug|x86.Build.0 = Debug|Any CPU
		{0AF8EB1A-12BD-4AB2-97FE-F7102E3F7B28}.Release|Any CPU.ActiveCfg = Release|Any CPU
		{0AF8EB1A-12BD-4AB2-97FE-F7102E3F7B28}.Release|Any CPU.Build.0 = Release|Any CPU
		{0AF8EB1A-12BD-4AB2-97FE-F7102E3F7B28}.Release|x64.ActiveCfg = Release|Any CPU
		{0AF8EB1A-12BD-4AB2-97FE-F7102E3F7B28}.Release|x64.Build.0 = Release|Any CPU
		{0AF8EB1A-12BD-4AB2-97FE-F7102E3F7B28}.Release|x86.ActiveCfg = Release|Any CPU
		{0AF8EB1A-12BD-4AB2-97FE-F7102E3F7B28}.Release|x86.Build.0 = Release|Any CPU
		{2A94F76B-964A-4A91-A1A2-2055F898B951}.Debug|Any CPU.ActiveCfg = Debug|Any CPU
		{2A94F76B-964A-4A91-A1A2-2055F898B951}.Debug|Any CPU.Build.0 = Debug|Any CPU
		{2A94F76B-964A-4A91-A1A2-2055F898B951}.Debug|x64.ActiveCfg = Debug|Any CPU
		{2A94F76B-964A-4A91-A1A2-2055F898B951}.Debug|x64.Build.0 = Debug|Any CPU
		{2A94F76B-964A-4A91-A1A2-2055F898B951}.Debug|x86.ActiveCfg = Debug|Any CPU
		{2A94F76B-964A-4A91-A1A2-2055F898B951}.Debug|x86.Build.0 = Debug|Any CPU
		{2A94F76B-964A-4A91-A1A2-2055F898B951}.Release|Any CPU.ActiveCfg = Release|Any CPU
		{2A94F76B-964A-4A91-A1A2-2055F898B951}.Release|Any CPU.Build.0 = Release|Any CPU
		{2A94F76B-964A-4A91-A1A2-2055F898B951}.Release|x64.ActiveCfg = Release|Any CPU
		{2A94F76B-964A-4A91-A1A2-2055F898B951}.Release|x64.Build.0 = Release|Any CPU
		{2A94F76B-964A-4A91-A1A2-2055F898B951}.Release|x86.ActiveCfg = Release|Any CPU
		{2A94F76B-964A-4A91-A1A2-2055F898B951}.Release|x86.Build.0 = Release|Any CPU
		{8851899A-D019-4E1C-9CDA-BB1AB1ADDE20}.Debug|Any CPU.ActiveCfg = Debug|Any CPU
		{8851899A-D019-4E1C-9CDA-BB1AB1ADDE20}.Debug|Any CPU.Build.0 = Debug|Any CPU
		{8851899A-D019-4E1C-9CDA-BB1AB1ADDE20}.Debug|x64.ActiveCfg = Debug|Any CPU
		{8851899A-D019-4E1C-9CDA-BB1AB1ADDE20}.Debug|x64.Build.0 = Debug|Any CPU
		{8851899A-D019-4E1C-9CDA-BB1AB1ADDE20}.Debug|x86.ActiveCfg = Debug|Any CPU
		{8851899A-D019-4E1C-9CDA-BB1AB1ADDE20}.Debug|x86.Build.0 = Debug|Any CPU
		{8851899A-D019-4E1C-9CDA-BB1AB1ADDE20}.Release|Any CPU.ActiveCfg = Release|Any CPU
		{8851899A-D019-4E1C-9CDA-BB1AB1ADDE20}.Release|Any CPU.Build.0 = Release|Any CPU
		{8851899A-D019-4E1C-9CDA-BB1AB1ADDE20}.Release|x64.ActiveCfg = Release|Any CPU
		{8851899A-D019-4E1C-9CDA-BB1AB1ADDE20}.Release|x64.Build.0 = Release|Any CPU
		{8851899A-D019-4E1C-9CDA-BB1AB1ADDE20}.Release|x86.ActiveCfg = Release|Any CPU
		{8851899A-D019-4E1C-9CDA-BB1AB1ADDE20}.Release|x86.Build.0 = Release|Any CPU
		{A72AC4BB-3EFF-41E9-B7D1-92B336F56DF7}.Debug|Any CPU.ActiveCfg = Debug|Any CPU
		{A72AC4BB-3EFF-41E9-B7D1-92B336F56DF7}.Debug|Any CPU.Build.0 = Debug|Any CPU
		{A72AC4BB-3EFF-41E9-B7D1-92B336F56DF7}.Debug|x64.ActiveCfg = Debug|Any CPU
		{A72AC4BB-3EFF-41E9-B7D1-92B336F56DF7}.Debug|x64.Build.0 = Debug|Any CPU
		{A72AC4BB-3EFF-41E9-B7D1-92B336F56DF7}.Debug|x86.ActiveCfg = Debug|Any CPU
		{A72AC4BB-3EFF-41E9-B7D1-92B336F56DF7}.Debug|x86.Build.0 = Debug|Any CPU
		{A72AC4BB-3EFF-41E9-B7D1-92B336F56DF7}.Release|Any CPU.ActiveCfg = Release|Any CPU
		{A72AC4BB-3EFF-41E9-B7D1-92B336F56DF7}.Release|Any CPU.Build.0 = Release|Any CPU
		{A72AC4BB-3EFF-41E9-B7D1-92B336F56DF7}.Release|x64.ActiveCfg = Release|Any CPU
		{A72AC4BB-3EFF-41E9-B7D1-92B336F56DF7}.Release|x64.Build.0 = Release|Any CPU
		{A72AC4BB-3EFF-41E9-B7D1-92B336F56DF7}.Release|x86.ActiveCfg = Release|Any CPU
		{A72AC4BB-3EFF-41E9-B7D1-92B336F56DF7}.Release|x86.Build.0 = Release|Any CPU
	EndGlobalSection
	GlobalSection(SolutionProperties) = preSolution
		HideSolutionNode = FALSE
	EndGlobalSection
	GlobalSection(NestedProjects) = preSolution
		{24716CF7-272D-4C31-90D0-196EEEE4AB26} = {827E0CD3-B72D-47B6-A68D-7590B98EB39B}
		{24AED23C-52CD-4D65-A365-E6595A94D282} = {827E0CD3-B72D-47B6-A68D-7590B98EB39B}
		{F2170339-85B5-4767-8AD6-27F07F399EF8} = {827E0CD3-B72D-47B6-A68D-7590B98EB39B}
		{0AF8EB1A-12BD-4AB2-97FE-F7102E3F7B28} = {827E0CD3-B72D-47B6-A68D-7590B98EB39B}
		{2A94F76B-964A-4A91-A1A2-2055F898B951} = {0AB3BF05-4346-4AA6-1389-037BE0695223}
		{8851899A-D019-4E1C-9CDA-BB1AB1ADDE20} = {0AB3BF05-4346-4AA6-1389-037BE0695223}
		{A72AC4BB-3EFF-41E9-B7D1-92B336F56DF7} = {0AB3BF05-4346-4AA6-1389-037BE0695223}
	EndGlobalSection
EndGlobal
